
Microsoft Visual Studio Solution File, Format Version 12.00
# Visual Studio Version 17
VisualStudioVersion = 17.10.35122.118
MinimumVisualStudioVersion = 10.0.40219.1
Project("{FAE04EC0-301F-11D3-BF4B-00C04F79EFBC}") = "attackServer", "attackServer.csproj", "{09F1CA65-5F3C-4A15-9A86-1DA556A1178E}"
EndProject
Global
	GlobalSection(SolutionConfigurationPlatforms) = preSolution
		Debug|Any CPU = Debug|Any CPU
		Release|Any CPU = Release|Any CPU
	EndGlobalSection
	GlobalSection(ProjectConfigurationPlatforms) = postSolution
		{09F1CA65-5F3C-4A15-9A86-1DA556A1178E}.Debug|Any CPU.ActiveCfg = Debug|Any CPU
		{09F1CA65-5F3C-4A15-9A86-1DA556A1178E}.Debug|Any CPU.Build.0 = Debug|Any CPU
		{09F1CA65-5F3C-4A15-9A86-1DA556A1178E}.Release|Any CPU.ActiveCfg = Release|Any CPU
		{09F1CA65-5F3C-4A15-9A86-1DA556A1178E}.Release|Any CPU.Build.0 = Release|Any CPU
	EndGlobalSection
	GlobalSection(SolutionProperties) = preSolution
		HideSolutionNode = FALSE
	EndGlobalSection
	GlobalSection(ExtensibilityGlobals) = postSolution
		SolutionGuid = {77D69D5B-3AFF-4946-BF4D-8D492A38F359}
	EndGlobalSection
EndGlobal
